// !$*UTF8*$!
{
	archiveVersion = 1;
	classes = {
	};
	objectVersion = 55;
	objects = {

/* Begin PBXBuildFile section */
		D2AF23ED2A611B57002E1E13 /* AppDelegate.swift in Sources */ = {isa = PBXBuildFile; fileRef = D2AF23EC2A611B57002E1E13 /* AppDelegate.swift */; };
		D2AF23EF2A611B57002E1E13 /* SceneDelegate.swift in Sources */ = {isa = PBXBuildFile; fileRef = D2AF23EE2A611B57002E1E13 /* SceneDelegate.swift */; };
		D2AF23F12A611B57002E1E13 /* ViewController.swift in Sources */ = {isa = PBXBuildFile; fileRef = D2AF23F02A611B57002E1E13 /* ViewController.swift */; };
		D2AF23F42A611B57002E1E13 /* Main.storyboard in Resources */ = {isa = PBXBuildFile; fileRef = D2AF23F22A611B57002E1E13 /* Main.storyboard */; };
		D2AF23F62A611B5B002E1E13 /* Assets.xcassets in Resources */ = {isa = PBXBuildFile; fileRef = D2AF23F52A611B5B002E1E13 /* Assets.xcassets */; };
		D2AF23F92A611B5B002E1E13 /* LaunchScreen.storyboard in Resources */ = {isa = PBXBuildFile; fileRef = D2AF23F72A611B5B002E1E13 /* LaunchScreen.storyboard */; };
		D2AF24022A611DAE002E1E13 /* ViewModel.swift in Sources */ = {isa = PBXBuildFile; fileRef = D2AF24012A611DAE002E1E13 /* ViewModel.swift */; };
		D2AF24052A611E34002E1E13 /* Validator.swift in Sources */ = {isa = PBXBuildFile; fileRef = D2AF24042A611E34002E1E13 /* Validator.swift */; };
		D2AF24072A611E5E002E1E13 /* PasswordStorage.swift in Sources */ = {isa = PBXBuildFile; fileRef = D2AF24062A611E5E002E1E13 /* PasswordStorage.swift */; };
		D2AF240A2A6130E3002E1E13 /* UIButton+Ext.swift in Sources */ = {isa = PBXBuildFile; fileRef = D2AF24092A6130E3002E1E13 /* UIButton+Ext.swift */; };
		F12D5DD892287FBCFD8E0CA3 /* Pods_MVVM_Rx.framework in Frameworks */ = {isa = PBXBuildFile; fileRef = EABB454B51AFDFBDADC3D7B9 /* Pods_MVVM_Rx.framework */; };
/* End PBXBuildFile section */

/* Begin PBXFileReference section */
		557601B726B9CEC2D48C2CA4 /* Pods-MVVM+Rx.release.xcconfig */ = {isa = PBXFileReference; includeInIndex = 1; lastKnownFileType = text.xcconfig; name = "Pods-MVVM+Rx.release.xcconfig"; path = "Target Support Files/Pods-MVVM+Rx/Pods-MVVM+Rx.release.xcconfig"; sourceTree = "<group>"; };
		D2AF23E92A611B57002E1E13 /* MVVM+Rx.app */ = {isa = PBXFileReference; explicitFileType = wrapper.application; includeInIndex = 0; path = "MVVM+Rx.app"; sourceTree = BUILT_PRODUCTS_DIR; };
		D2AF23EC2A611B57002E1E13 /* AppDelegate.swift */ = {isa = PBXFileReference; lastKnownFileType = sourcecode.swift; path = AppDelegate.swift; sourceTree = "<group>"; };
		D2AF23EE2A611B57002E1E13 /* SceneDelegate.swift */ = {isa = PBXFileReference; lastKnownFileType = sourcecode.swift; path = SceneDelegate.swift; sourceTree = "<group>"; };
		D2AF23F02A611B57002E1E13 /* ViewController.swift */ = {isa = PBXFileReference; lastKnownFileType = sourcecode.swift; path = ViewController.swift; sourceTree = "<group>"; };
		D2AF23F32A611B57002E1E13 /* Base */ = {isa = PBXFileReference; lastKnownFileType = file.storyboard; name = Base; path = Base.lproj/Main.storyboard; sourceTree = "<group>"; };
		D2AF23F52A611B5B002E1E13 /* Assets.xcassets */ = {isa = PBXFileReference; lastKnownFileType = folder.assetcatalog; path = Assets.xcassets; sourceTree = "<group>"; };
		D2AF23F82A611B5B002E1E13 /* Base */ = {isa = PBXFileReference; lastKnownFileType = file.storyboard; name = Base; path = Base.lproj/LaunchScreen.storyboard; sourceTree = "<group>"; };
		D2AF23FA2A611B5B002E1E13 /* Info.plist */ = {isa = PBXFileReference; lastKnownFileType = text.plist.xml; path = Info.plist; sourceTree = "<group>"; };
		D2AF24012A611DAE002E1E13 /* ViewModel.swift */ = {isa = PBXFileReference; lastKnownFileType = sourcecode.swift; path = ViewModel.swift; sourceTree = "<group>"; };
		D2AF24042A611E34002E1E13 /* Validator.swift */ = {isa = PBXFileReference; lastKnownFileType = sourcecode.swift; path = Validator.swift; sourceTree = "<group>"; };
		D2AF24062A611E5E002E1E13 /* PasswordStorage.swift */ = {isa = PBXFileReference; lastKnownFileType = sourcecode.swift; path = PasswordStorage.swift; sourceTree = "<group>"; };
		D2AF24092A6130E3002E1E13 /* UIButton+Ext.swift */ = {isa = PBXFileReference; lastKnownFileType = sourcecode.swift; path = "UIButton+Ext.swift"; sourceTree = "<group>"; };
		EABB454B51AFDFBDADC3D7B9 /* Pods_MVVM_Rx.framework */ = {isa = PBXFileReference; explicitFileType = wrapper.framework; includeInIndex = 0; path = Pods_MVVM_Rx.framework; sourceTree = BUILT_PRODUCTS_DIR; };
		F9B8E63E952139E600BEBD92 /* Pods-MVVM+Rx.debug.xcconfig */ = {isa = PBXFileReference; includeInIndex = 1; lastKnownFileType = text.xcconfig; name = "Pods-MVVM+Rx.debug.xcconfig"; path = "Target Support Files/Pods-MVVM+Rx/Pods-MVVM+Rx.debug.xcconfig"; sourceTree = "<group>"; };
/* End PBXFileReference section */

/* Begin PBXFrameworksBuildPhase section */
		D2AF23E62A611B57002E1E13 /* Frameworks */ = {
			isa = PBXFrameworksBuildPhase;
			buildActionMask = 2147483647;
			files = (
				F12D5DD892287FBCFD8E0CA3 /* Pods_MVVM_Rx.framework in Frameworks */,
			);
			runOnlyForDeploymentPostprocessing = 0;
		};
/* End PBXFrameworksBuildPhase section */

/* Begin PBXGroup section */
		ACB8CC23F1937895D6D4A44B /* Pods */ = {
			isa = PBXGroup;
			children = (
				F9B8E63E952139E600BEBD92 /* Pods-MVVM+Rx.debug.xcconfig */,
				557601B726B9CEC2D48C2CA4 /* Pods-MVVM+Rx.release.xcconfig */,
			);
			path = Pods;
			sourceTree = "<group>";
		};
		D2AF23E02A611B57002E1E13 = {
			isa = PBXGroup;
			children = (
				D2AF23EB2A611B57002E1E13 /* MVVM+Rx */,
				D2AF23EA2A611B57002E1E13 /* Products */,
				ACB8CC23F1937895D6D4A44B /* Pods */,
				E0E059BB4409E82A1FCE7464 /* Frameworks */,
			);
			sourceTree = "<group>";
		};
		D2AF23EA2A611B57002E1E13 /* Products */ = {
			isa = PBXGroup;
			children = (
				D2AF23E92A611B57002E1E13 /* MVVM+Rx.app */,
			);
			name = Products;
			sourceTree = "<group>";
		};
		D2AF23EB2A611B57002E1E13 /* MVVM+Rx */ = {
			isa = PBXGroup;
			children = (
				D2AF24082A6130D0002E1E13 /* Utils */,
				D2AF24032A611E2C002E1E13 /* Model */,
				D2AF24002A611D9D002E1E13 /* Views */,
				D2AF23EC2A611B57002E1E13 /* AppDelegate.swift */,
				D2AF23EE2A611B57002E1E13 /* SceneDelegate.swift */,
				D2AF23F22A611B57002E1E13 /* Main.storyboard */,
				D2AF23F52A611B5B002E1E13 /* Assets.xcassets */,
				D2AF23F72A611B5B002E1E13 /* LaunchScreen.storyboard */,
				D2AF23FA2A611B5B002E1E13 /* Info.plist */,
			);
			path = "MVVM+Rx";
			sourceTree = "<group>";
		};
		D2AF24002A611D9D002E1E13 /* Views */ = {
			isa = PBXGroup;
			children = (
				D2AF23F02A611B57002E1E13 /* ViewController.swift */,
				D2AF24012A611DAE002E1E13 /* ViewModel.swift */,
			);
			path = Views;
			sourceTree = "<group>";
		};
		D2AF24032A611E2C002E1E13 /* Model */ = {
			isa = PBXGroup;
			children = (
				D2AF24042A611E34002E1E13 /* Validator.swift */,
				D2AF24062A611E5E002E1E13 /* PasswordStorage.swift */,
			);
			path = Model;
			sourceTree = "<group>";
		};
		D2AF24082A6130D0002E1E13 /* Utils */ = {
			isa = PBXGroup;
			children = (
				D2AF24092A6130E3002E1E13 /* UIButton+Ext.swift */,
			);
			path = Utils;
			sourceTree = "<group>";
		};
		E0E059BB4409E82A1FCE7464 /* Frameworks */ = {
			isa = PBXGroup;
			children = (
				EABB454B51AFDFBDADC3D7B9 /* Pods_MVVM_Rx.framework */,
			);
			name = Frameworks;
			sourceTree = "<group>";
		};
/* End PBXGroup section */

/* Begin PBXNativeTarget section */
		D2AF23E82A611B57002E1E13 /* MVVM+Rx */ = {
			isa = PBXNativeTarget;
			buildConfigurationList = D2AF23FD2A611B5B002E1E13 /* Build configuration list for PBXNativeTarget "MVVM+Rx" */;
			buildPhases = (
				461701B1F083241327892390 /* [CP] Check Pods Manifest.lock */,
				D2AF23E52A611B57002E1E13 /* Sources */,
				D2AF23E62A611B57002E1E13 /* Frameworks */,
				D2AF23E72A611B57002E1E13 /* Resources */,
				4C0BFA47B3427F0A0C8AE6C0 /* [CP] Embed Pods Frameworks */,
			);
			buildRules = (
			);
			dependencies = (
			);
			name = "MVVM+Rx";
			productName = "MVVM+Rx";
			productReference = D2AF23E92A611B57002E1E13 /* MVVM+Rx.app */;
			productType = "com.apple.product-type.application";
		};
/* End PBXNativeTarget section */

/* Begin PBXProject section */
		D2AF23E12A611B57002E1E13 /* Project object */ = {
			isa = PBXProject;
			attributes = {
				BuildIndependentTargetsInParallel = 1;
				LastSwiftUpdateCheck = 1430;
				LastUpgradeCheck = 1430;
				TargetAttributes = {
					D2AF23E82A611B57002E1E13 = {
						CreatedOnToolsVersion = 14.3.1;
					};
				};
			};
			buildConfigurationList = D2AF23E42A611B57002E1E13 /* Build configuration list for PBXProject "MVVM+Rx" */;
			compatibilityVersion = "Xcode 13.0";
			developmentRegion = en;
			hasScannedForEncodings = 0;
			knownRegions = (
				en,
				Base,
			);
			mainGroup = D2AF23E02A611B57002E1E13;
			productRefGroup = D2AF23EA2A611B57002E1E13 /* Products */;
			projectDirPath = "";
			projectRoot = "";
			targets = (
				D2AF23E82A611B57002E1E13 /* MVVM+Rx */,
			);
		};
/* End PBXProject section */

/* Begin PBXResourcesBuildPhase section */
		D2AF23E72A611B57002E1E13 /* Resources */ = {
			isa = PBXResourcesBuildPhase;
			buildActionMask = 2147483647;
			files = (
				D2AF23F92A611B5B002E1E13 /* LaunchScreen.storyboard in Resources */,
				D2AF23F62A611B5B002E1E13 /* Assets.xcassets in Resources */,
				D2AF23F42A611B57002E1E13 /* Main.storyboard in Resources */,
			);
			runOnlyForDeploymentPostprocessing = 0;
		};
/* End PBXResourcesBuildPhase section */

/* Begin PBXShellScriptBuildPhase section */
		461701B1F083241327892390 /* [CP] Check Pods Manifest.lock */ = {
			isa = PBXShellScriptBuildPhase;
			buildActionMask = 2147483647;
			files = (
			);
			inputFileListPaths = (
			);
			inputPaths = (
				"${PODS_PODFILE_DIR_PATH}/Podfile.lock",
				"${PODS_ROOT}/Manifest.lock",
			);
			name = "[CP] Check Pods Manifest.lock";
			outputFileListPaths = (
			);
			outputPaths = (
				"$(DERIVED_FILE_DIR)/Pods-MVVM+Rx-checkManifestLockResult.txt",
			);
			runOnlyForDeploymentPostprocessing = 0;
			shellPath = /bin/sh;
			shellScript = "diff \"${PODS_PODFILE_DIR_PATH}/Podfile.lock\" \"${PODS_ROOT}/Manifest.lock\" > /dev/null\nif [ $? != 0 ] ; then\n    # print error to STDERR\n    echo \"error: The sandbox is not in sync with the Podfile.lock. Run 'pod install' or update your CocoaPods installation.\" >&2\n    exit 1\nfi\n# This output is used by Xcode 'outputs' to avoid re-running this script phase.\necho \"SUCCESS\" > \"${SCRIPT_OUTPUT_FILE_0}\"\n";
			showEnvVarsInLog = 0;
		};
		4C0BFA47B3427F0A0C8AE6C0 /* [CP] Embed Pods Frameworks */ = {
			isa = PBXShellScriptBuildPhase;
			buildActionMask = 2147483647;
			files = (
			);
			inputFileListPaths = (
				"${PODS_ROOT}/Target Support Files/Pods-MVVM+Rx/Pods-MVVM+Rx-frameworks-${CONFIGURATION}-input-files.xcfilelist",
			);
			name = "[CP] Embed Pods Frameworks";
			outputFileListPaths = (
				"${PODS_ROOT}/Target Support Files/Pods-MVVM+Rx/Pods-MVVM+Rx-frameworks-${CONFIGURATION}-output-files.xcfilelist",
			);
			runOnlyForDeploymentPostprocessing = 0;
			shellPath = /bin/sh;
			shellScript = "\"${PODS_ROOT}/Target Support Files/Pods-MVVM+Rx/Pods-MVVM+Rx-frameworks.sh\"\n";
			showEnvVarsInLog = 0;
		};
/* End PBXShellScriptBuildPhase section */

/* Begin PBXSourcesBuildPhase section */
		D2AF23E52A611B57002E1E13 /* Sources */ = {
			isa = PBXSourcesBuildPhase;
			buildActionMask = 2147483647;
			files = (
				D2AF24072A611E5E002E1E13 /* PasswordStorage.swift in Sources */,
				D2AF23F12A611B57002E1E13 /* ViewController.swift in Sources */,
				D2AF240A2A6130E3002E1E13 /* UIButton+Ext.swift in Sources */,
				D2AF23ED2A611B57002E1E13 /* AppDelegate.swift in Sources */,
				D2AF24052A611E34002E1E13 /* Validator.swift in Sources */,
				D2AF24022A611DAE002E1E13 /* ViewModel.swift in Sources */,
				D2AF23EF2A611B57002E1E13 /* SceneDelegate.swift in Sources */,
			);
			runOnlyForDeploymentPostprocessing = 0;
		};
/* End PBXSourcesBuildPhase section */

/* Begin PBXVariantGroup section */
		D2AF23F22A611B57002E1E13 /* Main.storyboard */ = {
			isa = PBXVariantGroup;
			children = (
				D2AF23F32A611B57002E1E13 /* Base */,
			);
			name = Main.storyboard;
			sourceTree = "<group>";
		};
		D2AF23F72A611B5B002E1E13 /* LaunchScreen.storyboard */ = {
			isa = PBXVariantGroup;
			children = (
				D2AF23F82A611B5B002E1E13 /* Base */,
			);
			name = LaunchScreen.storyboard;
			sourceTree = "<group>";
		};
/* End PBXVariantGroup section */

/* Begin XCBuildConfiguration section */
		D2AF23FB2A611B5B002E1E13 /* Debug */ = {
			isa = XCBuildConfiguration;
			buildSettings = {
				ALWAYS_SEARCH_USER_PATHS = NO;
				CLANG_ANALYZER_NONNULL = YES;
				CLANG_ANALYZER_NUMBER_OBJECT_CONVERSION = YES_AGGRESSIVE;
				CLANG_CXX_LANGUAGE_STANDARD = "gnu++20";
				CLANG_ENABLE_MODULES = YES;
				CLANG_ENABLE_OBJC_ARC = YES;
				CLANG_ENABLE_OBJC_WEAK = YES;
				CLANG_WARN_BLOCK_CAPTURE_AUTORELEASING = YES;
				CLANG_WARN_BOOL_CONVERSION = YES;
				CLANG_WARN_COMMA = YES;
				CLANG_WARN_CONSTANT_CONVERSION = YES;
				CLANG_WARN_DEPRECATED_OBJC_IMPLEMENTATIONS = YES;
				CLANG_WARN_DIRECT_OBJC_ISA_USAGE = YES_ERROR;
				CLANG_WARN_DOCUMENTATION_COMMENTS = YES;
				CLANG_WARN_EMPTY_BODY = YES;
				CLANG_WARN_ENUM_CONVERSION = YES;
				CLANG_WARN_INFINITE_RECURSION = YES;
				CLANG_WARN_INT_CONVERSION = YES;
				CLANG_WARN_NON_LITERAL_NULL_CONVERSION = YES;
				CLANG_WARN_OBJC_IMPLICIT_RETAIN_SELF = YES;
				CLANG_WARN_OBJC_LITERAL_CONVERSION = YES;
				CLANG_WARN_OBJC_ROOT_CLASS = YES_ERROR;
				CLANG_WARN_QUOTED_INCLUDE_IN_FRAMEWORK_HEADER = YES;
				CLANG_WARN_RANGE_LOOP_ANALYSIS = YES;
				CLANG_WARN_STRICT_PROTOTYPES = YES;
				CLANG_WARN_SUSPICIOUS_MOVE = YES;
				CLANG_WARN_UNGUARDED_AVAILABILITY = YES_AGGRESSIVE;
				CLANG_WARN_UNREACHABLE_CODE = YES;
				CLANG_WARN__DUPLICATE_METHOD_MATCH = YES;
				COPY_PHASE_STRIP = NO;
				DEBUG_INFORMATION_FORMAT = dwarf;
				ENABLE_STRICT_OBJC_MSGSEND = YES;
				ENABLE_TESTABILITY = YES;
				GCC_C_LANGUAGE_STANDARD = gnu11;
				GCC_DYNAMIC_NO_PIC = NO;
				GCC_NO_COMMON_BLOCKS = YES;
				GCC_OPTIMIZATION_LEVEL = 0;
				GCC_PREPROCESSOR_DEFINITIONS = (
					"DEBUG=1",
					"$(inherited)",
				);
				GCC_WARN_64_TO_32_BIT_CONVERSION = YES;
				GCC_WARN_ABOUT_RETURN_TYPE = YES_ERROR;
				GCC_WARN_UNDECLARED_SELECTOR = YES;
				GCC_WARN_UNINITIALIZED_AUTOS = YES_AGGRESSIVE;
				GCC_WARN_UNUSED_FUNCTION = YES;
				GCC_WARN_UNUSED_VARIABLE = YES;
				IPHONEOS_DEPLOYMENT_TARGET = 14.0;
				MTL_ENABLE_DEBUG_INFO = INCLUDE_SOURCE;
				MTL_FAST_MATH = YES;
				ONLY_ACTIVE_ARCH = YES;
				SDKROOT = iphoneos;
				SWIFT_ACTIVE_COMPILATION_CONDITIONS = DEBUG;
				SWIFT_OPTIMIZATION_LEVEL = "-Onone";
			};
			name = Debug;
		};
		D2AF23FC2A611B5B002E1E13 /* Release */ = {
			isa = XCBuildConfiguration;
			buildSettings = {
				ALWAYS_SEARCH_USER_PATHS = NO;
				CLANG_ANALYZER_NONNULL = YES;
				CLANG_ANALYZER_NUMBER_OBJECT_CONVERSION = YES_AGGRESSIVE;
				CLANG_CXX_LANGUAGE_STANDARD = "gnu++20";
				CLANG_ENABLE_MODULES = YES;
				CLANG_ENABLE_OBJC_ARC = YES;
				CLANG_ENABLE_OBJC_WEAK = YES;
				CLANG_WARN_BLOCK_CAPTURE_AUTORELEASING = YES;
				CLANG_WARN_BOOL_CONVERSION = YES;
				CLANG_WARN_COMMA = YES;
				CLANG_WARN_CONSTANT_CONVERSION = YES;
				CLANG_WARN_DEPRECATED_OBJC_IMPLEMENTATIONS = YES;
				CLANG_WARN_DIRECT_OBJC_ISA_USAGE = YES_ERROR;
				CLANG_WARN_DOCUMENTATION_COMMENTS = YES;
				CLANG_WARN_EMPTY_BODY = YES;
				CLANG_WARN_ENUM_CONVERSION = YES;
				CLANG_WARN_INFINITE_RECURSION = YES;
				CLANG_WARN_INT_CONVERSION = YES;
				CLANG_WARN_NON_LITERAL_NULL_CONVERSION = YES;
				CLANG_WARN_OBJC_IMPLICIT_RETAIN_SELF = YES;
				CLANG_WARN_OBJC_LITERAL_CONVERSION = YES;
				CLANG_WARN_OBJC_ROOT_CLASS = YES_ERROR;
				CLANG_WARN_QUOTED_INCLUDE_IN_FRAMEWORK_HEADER = YES;
				CLANG_WARN_RANGE_LOOP_ANALYSIS = YES;
				CLANG_WARN_STRICT_PROTOTYPES = YES;
				CLANG_WARN_SUSPICIOUS_MOVE = YES;
				CLANG_WARN_UNGUARDED_AVAILABILITY = YES_AGGRESSIVE;
				CLANG_WARN_UNREACHABLE_CODE = YES;
				CLANG_WARN__DUPLICATE_METHOD_MATCH = YES;
				COPY_PHASE_STRIP = NO;
				DEBUG_INFORMATION_FORMAT = "dwarf-with-dsym";
				ENABLE_NS_ASSERTIONS = NO;
				ENABLE_STRICT_OBJC_MSGSEND = YES;
				GCC_C_LANGUAGE_STANDARD = gnu11;
				GCC_NO_COMMON_BLOCKS = YES;
				GCC_WARN_64_TO_32_BIT_CONVERSION = YES;
				GCC_WARN_ABOUT_RETURN_TYPE = YES_ERROR;
				GCC_WARN_UNDECLARED_SELECTOR = YES;
				GCC_WARN_UNINITIALIZED_AUTOS = YES_AGGRESSIVE;
				GCC_WARN_UNUSED_FUNCTION = YES;
				GCC_WARN_UNUSED_VARIABLE = YES;
				IPHONEOS_DEPLOYMENT_TARGET = 14.0;
				MTL_ENABLE_DEBUG_INFO = NO;
				MTL_FAST_MATH = YES;
				SDKROOT = iphoneos;
				SWIFT_COMPILATION_MODE = wholemodule;
				SWIFT_OPTIMIZATION_LEVEL = "-O";
				VALIDATE_PRODUCT = YES;
			};
			name = Release;
		};
		D2AF23FE2A611B5B002E1E13 /* Debug */ = {
			isa = XCBuildConfiguration;
			baseConfigurationReference = F9B8E63E952139E600BEBD92 /* Pods-MVVM+Rx.debug.xcconfig */;
			buildSettings = {
				ASSETCATALOG_COMPILER_APPICON_NAME = AppIcon;
				ASSETCATALOG_COMPILER_GLOBAL_ACCENT_COLOR_NAME = AccentColor;
				CODE_SIGN_STYLE = Automatic;
				CURRENT_PROJECT_VERSION = 1;
				DEVELOPMENT_TEAM = N2WW86KJNF;
				GENERATE_INFOPLIST_FILE = YES;
				INFOPLIST_FILE = "MVVM+Rx/Info.plist";
				INFOPLIST_KEY_UIApplicationSupportsIndirectInputEvents = YES;
				INFOPLIST_KEY_UILaunchStoryboardName = LaunchScreen;
				INFOPLIST_KEY_UIMainStoryboardFile = Main;
				INFOPLIST_KEY_UISupportedInterfaceOrientations_iPad = "UIInterfaceOrientationPortrait UIInterfaceOrientationPortraitUpsideDown UIInterfaceOrientationLandscapeLeft UIInterfaceOrientationLandscapeRight";
				INFOPLIST_KEY_UISupportedInterfaceOrientations_iPhone = "UIInterfaceOrientationPortrait UIInterfaceOrientationLandscapeLeft UIInterfaceOrientationLandscapeRight";
				IPHONEOS_DEPLOYMENT_TARGET = 14.0;
				LD_RUNPATH_SEARCH_PATHS = (
					"$(inherited)",
					"@executable_path/Frameworks",
				);
				MARKETING_VERSION = 1.0;
				PRODUCT_BUNDLE_IDENTIFIER = "woong.MVVM-Rx";
				PRODUCT_NAME = "$(TARGET_NAME)";
				SWIFT_EMIT_LOC_STRINGS = YES;
				SWIFT_VERSION = 5.0;
				TARGETED_DEVICE_FAMILY = "1,2";
			};
			name = Debug;
		};
		D2AF23FF2A611B5B002E1E13 /* Release */ = {
			isa = XCBuildConfiguration;
			baseConfigurationReference = 557601B726B9CEC2D48C2CA4 /* Pods-MVVM+Rx.release.xcconfig */;
			buildSettings = {
				ASSETCATALOG_COMPILER_APPICON_NAME = AppIcon;
				ASSETCATALOG_COMPILER_GLOBAL_ACCENT_COLOR_NAME = AccentColor;
				CODE_SIGN_STYLE = Automatic;
				CURRENT_PROJECT_VERSION = 1;
				DEVELOPMENT_TEAM = N2WW86KJNF;
				GENERATE_INFOPLIST_FILE = YES;
				INFOPLIST_FILE = "MVVM+Rx/Info.plist";
				INFOPLIST_KEY_UIApplicationSupportsIndirectInputEvents = YES;
				INFOPLIST_KEY_UILaunchStoryboardName = LaunchScreen;
				INFOPLIST_KEY_UIMainStoryboardFile = Main;
				INFOPLIST_KEY_UISupportedInterfaceOrientations_iPad = "UIInterfaceOrientationPortrait UIInterfaceOrientationPortraitUpsideDown UIInterfaceOrientationLandscapeLeft UIInterfaceOrientationLandscapeRight";
				INFOPLIST_KEY_UISupportedInterfaceOrientations_iPhone = "UIInterfaceOrientationPortrait UIInterfaceOrientationLandscapeLeft UIInterfaceOrientationLandscapeRight";
				IPHONEOS_DEPLOYMENT_TARGET = 14.0;
				LD_RUNPATH_SEARCH_PATHS = (
					"$(inherited)",
					"@executable_path/Frameworks",
				);
				MARKETING_VERSION = 1.0;
				PRODUCT_BUNDLE_IDENTIFIER = "woong.MVVM-Rx";
				PRODUCT_NAME = "$(TARGET_NAME)";
				SWIFT_EMIT_LOC_STRINGS = YES;
				SWIFT_VERSION = 5.0;
				TARGETED_DEVICE_FAMILY = "1,2";
			};
			name = Release;
		};
/* End XCBuildConfiguration section */

/* Begin XCConfigurationList section */
		D2AF23E42A611B57002E1E13 /* Build configuration list for PBXProject "MVVM+Rx" */ = {
			isa = XCConfigurationList;
			buildConfigurations = (
				D2AF23FB2A611B5B002E1E13 /* Debug */,
				D2AF23FC2A611B5B002E1E13 /* Release */,
			);
			defaultConfigurationIsVisible = 0;
			defaultConfigurationName = Release;
		};
		D2AF23FD2A611B5B002E1E13 /* Build configuration list for PBXNativeTarget "MVVM+Rx" */ = {
			isa = XCConfigurationList;
			buildConfigurations = (
				D2AF23FE2A611B5B002E1E13 /* Debug */,
				D2AF23FF2A611B5B002E1E13 /* Release */,
			);
			defaultConfigurationIsVisible = 0;
			defaultConfigurationName = Release;
		};
/* End XCConfigurationList section */
	};
	rootObject = D2AF23E12A611B57002E1E13 /* Project object */;
}
